
Microsoft Visual Studio Solution File, Format Version 12.00
# Visual Studio 15
VisualStudioVersion = 15.0.28307.271
MinimumVisualStudioVersion = 10.0.40219.1
Project("{FAE04EC0-301F-11D3-BF4B-00C04F79EFBC}") = "Xunit_Exesize", "Xunit_Exesize\Xunit_Exesize.csproj", "{AACFCCF9-4990-4844-A550-5FEC2783F1BE}"
EndProject
Project("{FAE04EC0-301F-11D3-BF4B-00C04F79EFBC}") = "ConsoleApp1", "ConsoleApp1\ConsoleApp1.csproj", "{5DD029AD-3DA6-4B68-B26E-EDA257245ED9}"
EndProject
Global
	GlobalSection(SolutionConfigurationPlatforms) = preSolution
		Debug|Any CPU = Debug|Any CPU
		Release|Any CPU = Release|Any CPU
	EndGlobalSection
	GlobalSection(ProjectConfigurationPlatforms) = postSolution
		{AACFCCF9-4990-4844-A550-5FEC2783F1BE}.Debug|Any CPU.ActiveCfg = Debug|Any CPU
		{AACFCCF9-4990-4844-A550-5FEC2783F1BE}.Debug|Any CPU.Build.0 = Debug|Any CPU
		{AACFCCF9-4990-4844-A550-5FEC2783F1BE}.Release|Any CPU.ActiveCfg = Release|Any CPU
		{AACFCCF9-4990-4844-A550-5FEC2783F1BE}.Release|Any CPU.Build.0 = Release|Any CPU
		{5DD029AD-3DA6-4B68-B26E-EDA257245ED9}.Debug|Any CPU.ActiveCfg = Debug|Any CPU
		{5DD029AD-3DA6-4B68-B26E-EDA257245ED9}.Debug|Any CPU.Build.0 = Debug|Any CPU
		{5DD029AD-3DA6-4B68-B26E-EDA257245ED9}.Release|Any CPU.ActiveCfg = Release|Any CPU
		{5DD029AD-3DA6-4B68-B26E-EDA257245ED9}.Release|Any CPU.Build.0 = Release|Any CPU
	EndGlobalSection
	GlobalSection(SolutionProperties) = preSolution
		HideSolutionNode = FALSE
	EndGlobalSection
	GlobalSection(ExtensibilityGlobals) = postSolution
		SolutionGuid = {B7FA0E01-8645-4018-B44B-EFF6D350605B}
	EndGlobalSection
EndGlobal
